
Microsoft Visual Studio Solution File, Format Version 12.00
# Visual Studio 15
VisualStudioVersion = 15.0.26114.2
MinimumVisualStudioVersion = 10.0.40219.1
Project("{9A19103F-16F7-4668-BE54-9A1E7A4F7556}") = "Neo4j.Driver", "Neo4j.Driver\Neo4j.Driver.csproj", "{F5E54582-C024-4B99-AFEB-CA9638617BA0}"
EndProject
Project("{9A19103F-16F7-4668-BE54-9A1E7A4F7556}") = "Neo4j.Driver.Tests", "Neo4j.Driver.Tests\Neo4j.Driver.Tests.csproj", "{5642BD95-BF3C-4DFE-B5E5-1456EC9119BB}"
EndProject
Project("{9A19103F-16F7-4668-BE54-9A1E7A4F7556}") = "Neo4j.Driver.Tests.Integration", "Neo4j.Driver.Tests.Integration\Neo4j.Driver.Tests.Integration.csproj", "{02F68DF2-0047-4B04-93B6-521BD12B5D45}"
EndProject
Project("{2150E333-8FDC-42A3-9474-1A3956D46DE8}") = "Solution Items", "Solution Items", "{622A94AD-BC4D-4162-AE43-A5CA055F24FC}"
	ProjectSection(SolutionItems) = preProject
		..\LICENSE = ..\LICENSE
		..\Neo4j.Driver.Docs.shfbproj = ..\Neo4j.Driver.Docs.shfbproj
		..\NOTICE = ..\NOTICE
		..\README.md = ..\README.md
		common.props = common.props
	EndProjectSection
EndProject
Project("{9A19103F-16F7-4668-BE54-9A1E7A4F7556}") = "Neo4j.Driver.Reactive", "Neo4j.Driver.Reactive\Neo4j.Driver.Reactive.csproj", "{FC537A38-3DD9-4C6D-8127-003F59E405AC}"
EndProject
Project("{FAE04EC0-301F-11D3-BF4B-00C04F79EFBC}") = "Neo4j.Driver.Simple", "Neo4j.Driver.Simple\Neo4j.Driver.Simple.csproj", "{E8F84B5A-79EE-4B9F-B423-BF363F6CB923}"
EndProject
Global
	GlobalSection(SolutionConfigurationPlatforms) = preSolution
		Debug|Any CPU = Debug|Any CPU
		DebugDelaySigned|Any CPU = DebugDelaySigned|Any CPU
		Release|Any CPU = Release|Any CPU
		ReleaseSigned|Any CPU = ReleaseSigned|Any CPU
	EndGlobalSection
	GlobalSection(ProjectConfigurationPlatforms) = postSolution
		{F5E54582-C024-4B99-AFEB-CA9638617BA0}.Debug|Any CPU.ActiveCfg = Debug|Any CPU
		{F5E54582-C024-4B99-AFEB-CA9638617BA0}.Debug|Any CPU.Build.0 = Debug|Any CPU
		{F5E54582-C024-4B99-AFEB-CA9638617BA0}.DebugDelaySigned|Any CPU.ActiveCfg = DebugDelaySigned|Any CPU
		{F5E54582-C024-4B99-AFEB-CA9638617BA0}.DebugDelaySigned|Any CPU.Build.0 = DebugDelaySigned|Any CPU
		{F5E54582-C024-4B99-AFEB-CA9638617BA0}.Release|Any CPU.ActiveCfg = Release|Any CPU
		{F5E54582-C024-4B99-AFEB-CA9638617BA0}.Release|Any CPU.Build.0 = Release|Any CPU
		{F5E54582-C024-4B99-AFEB-CA9638617BA0}.ReleaseSigned|Any CPU.ActiveCfg = ReleaseSigned|Any CPU
		{F5E54582-C024-4B99-AFEB-CA9638617BA0}.ReleaseSigned|Any CPU.Build.0 = ReleaseSigned|Any CPU
		{5642BD95-BF3C-4DFE-B5E5-1456EC9119BB}.Debug|Any CPU.ActiveCfg = Debug|Any CPU
		{5642BD95-BF3C-4DFE-B5E5-1456EC9119BB}.Debug|Any CPU.Build.0 = Debug|Any CPU
		{5642BD95-BF3C-4DFE-B5E5-1456EC9119BB}.DebugDelaySigned|Any CPU.ActiveCfg = DebugDelaySigned|Any CPU
		{5642BD95-BF3C-4DFE-B5E5-1456EC9119BB}.DebugDelaySigned|Any CPU.Build.0 = DebugDelaySigned|Any CPU
		{5642BD95-BF3C-4DFE-B5E5-1456EC9119BB}.Release|Any CPU.ActiveCfg = Release|Any CPU
		{5642BD95-BF3C-4DFE-B5E5-1456EC9119BB}.Release|Any CPU.Build.0 = Release|Any CPU
		{5642BD95-BF3C-4DFE-B5E5-1456EC9119BB}.ReleaseSigned|Any CPU.ActiveCfg = ReleaseSigned|Any CPU
		{5642BD95-BF3C-4DFE-B5E5-1456EC9119BB}.ReleaseSigned|Any CPU.Build.0 = ReleaseSigned|Any CPU
		{02F68DF2-0047-4B04-93B6-521BD12B5D45}.Debug|Any CPU.ActiveCfg = Debug|Any CPU
		{02F68DF2-0047-4B04-93B6-521BD12B5D45}.Debug|Any CPU.Build.0 = Debug|Any CPU
		{02F68DF2-0047-4B04-93B6-521BD12B5D45}.DebugDelaySigned|Any CPU.ActiveCfg = DebugDelaySigned|Any CPU
		{02F68DF2-0047-4B04-93B6-521BD12B5D45}.DebugDelaySigned|Any CPU.Build.0 = DebugDelaySigned|Any CPU
		{02F68DF2-0047-4B04-93B6-521BD12B5D45}.Release|Any CPU.ActiveCfg = Release|Any CPU
		{02F68DF2-0047-4B04-93B6-521BD12B5D45}.Release|Any CPU.Build.0 = Release|Any CPU
		{02F68DF2-0047-4B04-93B6-521BD12B5D45}.ReleaseSigned|Any CPU.ActiveCfg = ReleaseSigned|Any CPU
		{02F68DF2-0047-4B04-93B6-521BD12B5D45}.ReleaseSigned|Any CPU.Build.0 = ReleaseSigned|Any CPU
		{FC537A38-3DD9-4C6D-8127-003F59E405AC}.Debug|Any CPU.ActiveCfg = Debug|Any CPU
		{FC537A38-3DD9-4C6D-8127-003F59E405AC}.Debug|Any CPU.Build.0 = Debug|Any CPU
		{FC537A38-3DD9-4C6D-8127-003F59E405AC}.DebugDelaySigned|Any CPU.ActiveCfg = DebugDelaySigned|Any CPU
		{FC537A38-3DD9-4C6D-8127-003F59E405AC}.DebugDelaySigned|Any CPU.Build.0 = DebugDelaySigned|Any CPU
		{FC537A38-3DD9-4C6D-8127-003F59E405AC}.Release|Any CPU.ActiveCfg = Release|Any CPU
		{FC537A38-3DD9-4C6D-8127-003F59E405AC}.Release|Any CPU.Build.0 = Release|Any CPU
		{FC537A38-3DD9-4C6D-8127-003F59E405AC}.ReleaseSigned|Any CPU.ActiveCfg = ReleaseSigned|Any CPU
		{FC537A38-3DD9-4C6D-8127-003F59E405AC}.ReleaseSigned|Any CPU.Build.0 = ReleaseSigned|Any CPU
		{E8F84B5A-79EE-4B9F-B423-BF363F6CB923}.Debug|Any CPU.ActiveCfg = Debug|Any CPU
		{E8F84B5A-79EE-4B9F-B423-BF363F6CB923}.Debug|Any CPU.Build.0 = Debug|Any CPU
		{E8F84B5A-79EE-4B9F-B423-BF363F6CB923}.DebugDelaySigned|Any CPU.ActiveCfg = DebugDelaySigned|Any CPU
		{E8F84B5A-79EE-4B9F-B423-BF363F6CB923}.DebugDelaySigned|Any CPU.Build.0 = DebugDelaySigned|Any CPU
		{E8F84B5A-79EE-4B9F-B423-BF363F6CB923}.Release|Any CPU.ActiveCfg = Release|Any CPU
		{E8F84B5A-79EE-4B9F-B423-BF363F6CB923}.Release|Any CPU.Build.0 = Release|Any CPU
		{E8F84B5A-79EE-4B9F-B423-BF363F6CB923}.ReleaseSigned|Any CPU.ActiveCfg = ReleaseSigned|Any CPU
		{E8F84B5A-79EE-4B9F-B423-BF363F6CB923}.ReleaseSigned|Any CPU.Build.0 = ReleaseSigned|Any CPU
	EndGlobalSection
	GlobalSection(SolutionProperties) = preSolution
		HideSolutionNode = FALSE
	EndGlobalSection
	GlobalSection(ExtensibilityGlobals) = postSolution
		SolutionGuid = {2854D289-1659-47A6-957A-85612A6A2F5D}
	EndGlobalSection
EndGlobal
