
Microsoft Visual Studio Solution File, Format Version 12.00
# Visual Studio Version 16
VisualStudioVersion = 16.0.30204.135
MinimumVisualStudioVersion = 10.0.40219.1
Project("{9A19103F-16F7-4668-BE54-9A1E7A4F7556}") = "Neo4j.Driver.Tests.TestBackend.UnitTests.Client", "Neo4j.Driver.Tests.TestBackend.UnitTests.Client.csproj", "{06922AA9-0A3E-46CD-BD71-4D4EE230F575}"
EndProject
Global
	GlobalSection(SolutionConfigurationPlatforms) = preSolution
		Debug|Any CPU = Debug|Any CPU
		Release|Any CPU = Release|Any CPU
	EndGlobalSection
	GlobalSection(ProjectConfigurationPlatforms) = postSolution
		{06922AA9-0A3E-46CD-BD71-4D4EE230F575}.Debug|Any CPU.ActiveCfg = Debug|Any CPU
		{06922AA9-0A3E-46CD-BD71-4D4EE230F575}.Debug|Any CPU.Build.0 = Debug|Any CPU
		{06922AA9-0A3E-46CD-BD71-4D4EE230F575}.Release|Any CPU.ActiveCfg = Release|Any CPU
		{06922AA9-0A3E-46CD-BD71-4D4EE230F575}.Release|Any CPU.Build.0 = Release|Any CPU
	EndGlobalSection
	GlobalSection(SolutionProperties) = preSolution
		HideSolutionNode = FALSE
	EndGlobalSection
	GlobalSection(ExtensibilityGlobals) = postSolution
		SolutionGuid = {21F259C3-72AF-4252-94CD-59F6865574E6}
	EndGlobalSection
EndGlobal
